
Microsoft Visual Studio Solution File, Format Version 12.00
# Visual Studio Version 17
VisualStudioVersion = 17.9.34728.123
MinimumVisualStudioVersion = 10.0.40219.1
Project("{9A19103F-16F7-4668-BE54-9A1E7A4F7556}") = "MyProgram8", "MyProgram8.csproj", "{DEFA961C-1EA1-4AF8-A5E6-066726AC4962}"
EndProject
Project("{840C416C-B8F3-42BC-B0DD-F6BB14C9F8CB}") = "MyProgramSetup", "..\MyProgramSetup\MyProgramSetup.aiproj", "{D6A0CA38-F9A6-4228-81D6-F7F8AE50213C}"
EndProject
Global
	GlobalSection(SolutionConfigurationPlatforms) = preSolution
		All|Any CPU = All|Any CPU
		Debug|Any CPU = Debug|Any CPU
		Release|Any CPU = Release|Any CPU
	EndGlobalSection
	GlobalSection(ProjectConfigurationPlatforms) = postSolution
		{DEFA961C-1EA1-4AF8-A5E6-066726AC4962}.All|Any CPU.ActiveCfg = Release|Any CPU
		{DEFA961C-1EA1-4AF8-A5E6-066726AC4962}.All|Any CPU.Build.0 = Release|Any CPU
		{DEFA961C-1EA1-4AF8-A5E6-066726AC4962}.Debug|Any CPU.ActiveCfg = Debug|Any CPU
		{DEFA961C-1EA1-4AF8-A5E6-066726AC4962}.Debug|Any CPU.Build.0 = Debug|Any CPU
		{DEFA961C-1EA1-4AF8-A5E6-066726AC4962}.Release|Any CPU.ActiveCfg = Release|Any CPU
		{DEFA961C-1EA1-4AF8-A5E6-066726AC4962}.Release|Any CPU.Build.0 = Release|Any CPU
		{D6A0CA38-F9A6-4228-81D6-F7F8AE50213C}.All|Any CPU.ActiveCfg = DefaultBuild
		{D6A0CA38-F9A6-4228-81D6-F7F8AE50213C}.All|Any CPU.Build.0 = DefaultBuild
		{D6A0CA38-F9A6-4228-81D6-F7F8AE50213C}.Debug|Any CPU.ActiveCfg = DefaultBuild
		{D6A0CA38-F9A6-4228-81D6-F7F8AE50213C}.Debug|Any CPU.Build.0 = DefaultBuild
		{D6A0CA38-F9A6-4228-81D6-F7F8AE50213C}.Release|Any CPU.ActiveCfg = DefaultBuild
		{D6A0CA38-F9A6-4228-81D6-F7F8AE50213C}.Release|Any CPU.Build.0 = DefaultBuild
	EndGlobalSection
	GlobalSection(SolutionProperties) = preSolution
		HideSolutionNode = FALSE
	EndGlobalSection
	GlobalSection(ExtensibilityGlobals) = postSolution
		SolutionGuid = {586FF840-51A7-476D-8792-E6418FF45462}
	EndGlobalSection
EndGlobal
